<?xml version="1.0" encoding="utf-8"?>
<Project ToolsVersion="4.0" xmlns="http://schemas.microsoft.com/developer/msbuild/2003">
  <ItemGroup>
    <ClInclude Include="stdafx.h" />
    <ClInclude Include="ClickerWindow.h" />
    <ClInclude Include="GUIComponents\Checkbox.h">
      <Filter>GUIComponents</Filter>
    </ClInclude>
    <ClInclude Include="GUIComponents\ComboBox.h">
      <Filter>GUIComponents</Filter>
    </ClInclude>
    <ClInclude Include="GUIComponents\Item.h">
      <Filter>GUIComponents</Filter>
    </ClInclude>
    <ClInclude Include="GUIComponents\NumericBox.h">
      <Filter>GUIComponents</Filter>
    </ClInclude>
    <ClInclude Include="GUIComponents\TextBox.h">
      <Filter>GUIComponents</Filter>
    </ClInclude>
    <ClInclude Include="GUIComponents\TextLabel.h">
      <Filter>GUIComponents</Filter>
    </ClInclude>
    <ClInclude Include="GUIComponents\Vector2.h">
      <Filter>GUIComponents</Filter>
    </ClInclude>
    <ClInclude Include="GUIComponents\Window.h">
      <Filter>GUIComponents</Filter>
    </ClInclude>
    <ClInclude Include="GUIComponents\stdafx.h">
      <Filter>GUIComponents</Filter>
    </ClInclude>
    <ClInclude Include="GUIComponents\Font.h">
      <Filter>GUIComponents</Filter>
    </ClInclude>
  </ItemGroup>
  <ItemGroup>
    <ClCompile Include="AutoClicker32.cpp" />
    <ClCompile Include="ClickerWindow.cpp" />
    <ClCompile Include="stdafx.cpp" />
    <ClCompile Include="GUIComponents\Checkbox.cpp">
      <Filter>GUIComponents</Filter>
    </ClCompile>
    <ClCompile Include="GUIComponents\ComboBox.cpp">
      <Filter>GUIComponents</Filter>
    </ClCompile>
    <ClCompile Include="GUIComponents\Item.cpp">
      <Filter>GUIComponents</Filter>
    </ClCompile>
    <ClCompile Include="GUIComponents\NumericBox.cpp">
      <Filter>GUIComponents</Filter>
    </ClCompile>
    <ClCompile Include="GUIComponents\TextBox.cpp">
      <Filter>GUIComponents</Filter>
    </ClCompile>
    <ClCompile Include="GUIComponents\TextLabel.cpp">
      <Filter>GUIComponents</Filter>
    </ClCompile>
    <ClCompile Include="GUIComponents\Window.cpp">
      <Filter>GUIComponents</Filter>
    </ClCompile>
    <ClCompile Include="GUIComponents\Font.cpp">
      <Filter>GUIComponents</Filter>
    </ClCompile>
  </ItemGroup>
  <ItemGroup>
    <Filter Include="GUIComponents">
      <UniqueIdentifier>{52aa1956-61c8-49f8-987e-a941479266a0}</UniqueIdentifier>
    </Filter>
  </ItemGroup>
</Project>